
Microsoft Visual Studio Solution File, Format Version 12.00
# Visual Studio Version 17
VisualStudioVersion = 17.9.34728.123
MinimumVisualStudioVersion = 10.0.40219.1
Project("{9A19103F-16F7-4668-BE54-9A1E7A4F7556}") = "DataAccessMatrixInc", "DataAccessMatrixInc\DataAccessMatrixInc.csproj", "{79A7E23B-B2B9-4867-8618-63FBD046B229}"
EndProject
Project("{9A19103F-16F7-4668-BE54-9A1E7A4F7556}") = "DataAccessLayer", "DataAccessLayer\DataAccessLayer.csproj", "{63D46E16-FFE7-4067-B3CF-7F964479E090}"
EndProject
Project("{FAE04EC0-301F-11D3-BF4B-00C04F79EFBC}") = "TestMatrixInc", "TestMatrixInc\TestMatrixInc.csproj", "{4C9EEC2A-89D1-40BC-9EBE-7704A70331C5}"
EndProject
Global
	GlobalSection(SolutionConfigurationPlatforms) = preSolution
		Debug|Any CPU = Debug|Any CPU
		Release|Any CPU = Release|Any CPU
	EndGlobalSection
	GlobalSection(ProjectConfigurationPlatforms) = postSolution
		{79A7E23B-B2B9-4867-8618-63FBD046B229}.Debug|Any CPU.ActiveCfg = Debug|Any CPU
		{79A7E23B-B2B9-4867-8618-63FBD046B229}.Debug|Any CPU.Build.0 = Debug|Any CPU
		{79A7E23B-B2B9-4867-8618-63FBD046B229}.Release|Any CPU.ActiveCfg = Release|Any CPU
		{79A7E23B-B2B9-4867-8618-63FBD046B229}.Release|Any CPU.Build.0 = Release|Any CPU
		{63D46E16-FFE7-4067-B3CF-7F964479E090}.Debug|Any CPU.ActiveCfg = Debug|Any CPU
		{63D46E16-FFE7-4067-B3CF-7F964479E090}.Debug|Any CPU.Build.0 = Debug|Any CPU
		{63D46E16-FFE7-4067-B3CF-7F964479E090}.Release|Any CPU.ActiveCfg = Release|Any CPU
		{63D46E16-FFE7-4067-B3CF-7F964479E090}.Release|Any CPU.Build.0 = Release|Any CPU
		{4C9EEC2A-89D1-40BC-9EBE-7704A70331C5}.Debug|Any CPU.ActiveCfg = Debug|Any CPU
		{4C9EEC2A-89D1-40BC-9EBE-7704A70331C5}.Debug|Any CPU.Build.0 = Debug|Any CPU
		{4C9EEC2A-89D1-40BC-9EBE-7704A70331C5}.Release|Any CPU.ActiveCfg = Release|Any CPU
		{4C9EEC2A-89D1-40BC-9EBE-7704A70331C5}.Release|Any CPU.Build.0 = Release|Any CPU
	EndGlobalSection
	GlobalSection(SolutionProperties) = preSolution
		HideSolutionNode = FALSE
	EndGlobalSection
	GlobalSection(ExtensibilityGlobals) = postSolution
		SolutionGuid = {5A96D0FE-5220-49F1-8716-B32856A1C93D}
	EndGlobalSection
EndGlobal
